{
  "version": 4,
  "terraform_version": "1.7.4",
  "serial": 38,
  "lineage": "3f152ce4-08c2-9ef0-8edd-15e080f1414c",
  "outputs": {
    "dns_name": {
      "value": "private.example.com.",
      "type": "string"
    },
    "name_server_attach_to_A_record": {
      "value": [
        "192.0.0.0"
      ],
      "type": [
        "list",
        "string"
      ]
    },
    "network_url": {
      "value": [
        {
          "network_url": "https://www.googleapis.com/compute/v1/projects/andheri-duniya/global/networks/default"
        }
      ],
      "type": [
        "set",
        [
          "object",
          {
            "network_url": "string"
          }
        ]
      ]
    },
    "private_zone_name": {
      "value": "private-zone",
      "type": "string"
    },
    "project_id": {
      "value": "andheri-duniya",
      "type": "string"
    },
    "visibility_type": {
      "value": "private",
      "type": "string"
    }
  },
  "resources": [
    {
      "mode": "managed",
      "type": "google_compute_network",
      "name": "network-1",
      "provider": "provider[\"registry.terraform.io/hashicorp/google\"]",
      "instances": [
        {
          "schema_version": 0,
          "attributes": {
            "auto_create_subnetworks": false,
            "delete_default_routes_on_create": false,
            "description": "",
            "enable_ula_internal_ipv6": false,
            "gateway_ipv4": "",
            "id": "projects/andheri-duniya/global/networks/network-1",
            "internal_ipv6_range": "",
            "mtu": 0,
            "name": "network-1",
            "network_firewall_policy_enforcement_order": "AFTER_CLASSIC_FIREWALL",
            "numeric_id": "5482799942859263424",
            "project": "andheri-duniya",
            "routing_mode": "REGIONAL",
            "self_link": "https://www.googleapis.com/compute/v1/projects/andheri-duniya/global/networks/network-1",
            "timeouts": null
          },
          "sensitive_attributes": [],
          "private": "eyJlMmJmYjczMC1lY2FhLTExZTYtOGY4OC0zNDM2M2JjN2M0YzAiOnsiY3JlYXRlIjoxMjAwMDAwMDAwMDAwLCJkZWxldGUiOjEyMDAwMDAwMDAwMDAsInVwZGF0ZSI6MTIwMDAwMDAwMDAwMH19"
        }
      ]
    },
    {
      "mode": "managed",
      "type": "google_dns_managed_zone",
      "name": "private-zone",
      "provider": "provider[\"registry.terraform.io/hashicorp/google\"]",
      "instances": [
        {
          "schema_version": 0,
          "attributes": {
            "cloud_logging_config": [
              {
                "enable_logging": false
              }
            ],
            "creation_time": "2024-03-28T09:06:54.946Z",
            "description": "Example private DNS zone",
            "dns_name": "private.example.com.",
            "dnssec_config": [],
            "effective_labels": {
              "env": "dev"
            },
            "force_destroy": false,
            "forwarding_config": [],
            "id": "projects/andheri-duniya/managedZones/private-zone",
            "labels": {
              "env": "dev"
            },
            "managed_zone_id": 981376544767426462,
            "name": "private-zone",
            "name_servers": [
              "ns-gcp-private.googledomains.com."
            ],
            "peering_config": [],
            "private_visibility_config": [
              {
                "gke_clusters": [],
                "networks": [
                  {
                    "network_url": "https://www.googleapis.com/compute/v1/projects/andheri-duniya/global/networks/default"
                  }
                ]
              }
            ],
            "project": "andheri-duniya",
            "terraform_labels": {
              "env": "dev"
            },
            "timeouts": null,
            "visibility": "private"
          },
          "sensitive_attributes": [],
          "private": "eyJlMmJmYjczMC1lY2FhLTExZTYtOGY4OC0zNDM2M2JjN2M0YzAiOnsiY3JlYXRlIjoxMjAwMDAwMDAwMDAwLCJkZWxldGUiOjEyMDAwMDAwMDAwMDAsInVwZGF0ZSI6MTIwMDAwMDAwMDAwMH19"
        }
      ]
    },
    {
      "mode": "managed",
      "type": "google_dns_record_set",
      "name": "terra_record",
      "provider": "provider[\"registry.terraform.io/hashicorp/google\"]",
      "instances": [
        {
          "schema_version": 0,
          "attributes": {
            "id": "projects/andheri-duniya/managedZones/private-zone/rrsets/terra-record.private.example.com./A",
            "managed_zone": "private-zone",
            "name": "terra-record.private.example.com.",
            "project": "andheri-duniya",
            "routing_policy": [],
            "rrdatas": [
              "192.0.0.0"
            ],
            "ttl": 300,
            "type": "A"
          },
          "sensitive_attributes": [],
          "private": "bnVsbA==",
          "dependencies": [
            "google_dns_managed_zone.private-zone"
          ]
        }
      ]
    }
  ],
  "check_results": null
}
