{
  "version": 4,
  "terraform_version": "1.7.4",
  "serial": 45,
  "lineage": "ed6bdaaf-3366-f6ea-2be4-9213ca255795",
  "outputs": {},
  "resources": [
    {
      "mode": "managed",
      "type": "google_pubsub_topic",
      "name": "notifications",
      "provider": "provider[\"registry.terraform.io/hashicorp/google\"]",
      "instances": [
        {
          "schema_version": 0,
          "attributes": {
            "effective_labels": {},
            "id": "projects/devops-practice-411411/topics/notifications",
            "kms_key_name": "",
            "labels": {},
            "message_retention_duration": "",
            "message_storage_policy": [],
            "name": "notifications",
            "project": "devops-practice-411411",
            "schema_settings": [],
            "terraform_labels": {},
            "timeouts": {
              "create": "20m",
              "delete": "15m",
              "update": "10m"
            }
          },
          "sensitive_attributes": [],
          "private": "eyJlMmJmYjczMC1lY2FhLTExZTYtOGY4OC0zNDM2M2JjN2M0YzAiOnsiY3JlYXRlIjoxMjAwMDAwMDAwMDAwLCJkZWxldGUiOjkwMDAwMDAwMDAwMCwidXBkYXRlIjo2MDAwMDAwMDAwMDB9fQ=="
        }
      ]
    }
  ],
  "check_results": null
}
