{
  "version": 4,
  "terraform_version": "1.7.4",
  "serial": 102,
  "lineage": "6ddeb967-b50d-960b-9410-bd63ca50e025",
  "outputs": {
    "called_service_account_json": {
      "value": "{\"public_key_type\":\"TYPE_X509_PEM_FILE\",\"service_account_email\":\"service-account-id@devops-practice-411411.iam.gserviceaccount.com\"}",
      "type": "string",
      "sensitive": true
    },
    "display_name": {
      "value": "this account is crated by tf",
      "type": "string"
    }
  },
  "resources": [
    {
      "module": "module.service_account",
      "mode": "managed",
      "type": "google_project_iam_member",
      "name": "service_account_key_policy",
      "provider": "module.service_account.provider[\"registry.terraform.io/hashicorp/google\"]",
      "instances": [
        {
          "schema_version": 0,
          "attributes": {
            "condition": [],
            "etag": "BwYTWr2IfLw=",
            "id": "devops-practice-411411/roles/iam.serviceAccountKeyAdmin/serviceAccount:service-account-id@devops-practice-411411.iam.gserviceaccount.com",
            "member": "serviceAccount:service-account-id@devops-practice-411411.iam.gserviceaccount.com",
            "project": "devops-practice-411411",
            "role": "roles/iam.serviceAccountKeyAdmin"
          },
          "sensitive_attributes": [],
          "private": "bnVsbA=="
        }
      ]
    },
    {
      "module": "module.service_account",
      "mode": "managed",
      "type": "google_project_iam_member",
      "name": "service_account_policy",
      "provider": "module.service_account.provider[\"registry.terraform.io/hashicorp/google\"]",
      "instances": [
        {
          "schema_version": 0,
          "attributes": {
            "condition": [],
            "etag": "BwYTWr2IfLw=",
            "id": "devops-practice-411411/roles/iam.serviceAccountUser/serviceAccount:service-account-id@devops-practice-411411.iam.gserviceaccount.com",
            "member": "serviceAccount:service-account-id@devops-practice-411411.iam.gserviceaccount.com",
            "project": "devops-practice-411411",
            "role": "roles/iam.serviceAccountUser"
          },
          "sensitive_attributes": [],
          "private": "bnVsbA=="
        }
      ]
    },
    {
      "module": "module.service_account",
      "mode": "managed",
      "type": "google_service_account",
      "name": "service_account",
      "provider": "module.service_account.provider[\"registry.terraform.io/hashicorp/google\"]",
      "instances": [
        {
          "schema_version": 0,
          "attributes": {
            "account_id": "service-account-id",
            "create_ignore_already_exists": null,
            "description": "",
            "disabled": false,
            "display_name": "this account is crated by tf",
            "email": "service-account-id@devops-practice-411411.iam.gserviceaccount.com",
            "id": "projects/devops-practice-411411/serviceAccounts/service-account-id@devops-practice-411411.iam.gserviceaccount.com",
            "member": "serviceAccount:service-account-id@devops-practice-411411.iam.gserviceaccount.com",
            "name": "projects/devops-practice-411411/serviceAccounts/service-account-id@devops-practice-411411.iam.gserviceaccount.com",
            "project": "devops-practice-411411",
            "timeouts": null,
            "unique_id": "103538734178205673408"
          },
          "sensitive_attributes": [],
          "private": "eyJlMmJmYjczMC1lY2FhLTExZTYtOGY4OC0zNDM2M2JjN2M0YzAiOnsiY3JlYXRlIjozMDAwMDAwMDAwMDB9fQ=="
        }
      ]
    }
  ],
  "check_results": null
}
