{
  "version": 4,
  "terraform_version": "1.7.4",
  "serial": 49,
  "lineage": "b715bb69-a406-39a2-e410-b111a29fa19a",
  "outputs": {
    "dns_name": {
      "value": "private.example.com.",
      "type": "string"
    },
    "name_server_attach_to_A_record": {
      "value": [
        "10.128.0.3"
      ],
      "type": [
        "list",
        "string"
      ]
    },
    "private_zone_name": {
      "value": "terra-zone",
      "type": "string"
    },
    "private_zone_network_url": {
      "value": [
        {
          "network_url": "projects/andheri-duniya/global/networks/default"
        }
      ],
      "type": [
        "set",
        [
          "object",
          {
            "network_url": "string"
          }
        ]
      ]
    },
    "project_id": {
      "value": "andheri-duniya",
      "type": "string"
    },
    "visibility_type": {
      "value": "private",
      "type": "string"
    }
  },
  "resources": [
    {
      "module": "module.dns",
      "mode": "managed",
      "type": "google_compute_network",
      "name": "network-1",
      "provider": "provider[\"registry.terraform.io/hashicorp/google\"]",
      "instances": [
        {
          "schema_version": 0,
          "attributes": {
            "auto_create_subnetworks": false,
            "delete_default_routes_on_create": false,
            "description": "",
            "enable_ula_internal_ipv6": false,
            "gateway_ipv4": "",
            "id": "projects/andheri-duniya/global/networks/network-1",
            "internal_ipv6_range": "",
            "mtu": 0,
            "name": "network-1",
            "network_firewall_policy_enforcement_order": "AFTER_CLASSIC_FIREWALL",
            "numeric_id": "8151367392785333815",
            "project": "andheri-duniya",
            "routing_mode": "REGIONAL",
            "self_link": "https://www.googleapis.com/compute/v1/projects/andheri-duniya/global/networks/network-1",
            "timeouts": null
          },
          "sensitive_attributes": [],
          "private": "eyJlMmJmYjczMC1lY2FhLTExZTYtOGY4OC0zNDM2M2JjN2M0YzAiOnsiY3JlYXRlIjoxMjAwMDAwMDAwMDAwLCJkZWxldGUiOjEyMDAwMDAwMDAwMDAsInVwZGF0ZSI6MTIwMDAwMDAwMDAwMH19"
        }
      ]
    },
    {
      "module": "module.dns",
      "mode": "managed",
      "type": "google_dns_managed_zone",
      "name": "private-zone",
      "provider": "provider[\"registry.terraform.io/hashicorp/google\"]",
      "instances": [
        {
          "schema_version": 0,
          "attributes": {
            "cloud_logging_config": [
              {
                "enable_logging": false
              }
            ],
            "creation_time": "2024-03-29T04:17:29.338Z",
            "description": "Example private DNS zone",
            "dns_name": "private.example.com.",
            "dnssec_config": [],
            "effective_labels": {
              "env": "dev"
            },
            "force_destroy": false,
            "forwarding_config": [],
            "id": "projects/andheri-duniya/managedZones/terra-zone",
            "labels": {
              "env": "dev"
            },
            "managed_zone_id": 6648003583248694391,
            "name": "terra-zone",
            "name_servers": [
              "ns-gcp-private.googledomains.com."
            ],
            "peering_config": [],
            "private_visibility_config": [
              {
                "gke_clusters": [],
                "networks": [
                  {
                    "network_url": "projects/andheri-duniya/global/networks/default"
                  }
                ]
              }
            ],
            "project": "andheri-duniya",
            "terraform_labels": {
              "env": "dev"
            },
            "timeouts": null,
            "visibility": "private"
          },
          "sensitive_attributes": [],
          "private": "eyJlMmJmYjczMC1lY2FhLTExZTYtOGY4OC0zNDM2M2JjN2M0YzAiOnsiY3JlYXRlIjoxMjAwMDAwMDAwMDAwLCJkZWxldGUiOjEyMDAwMDAwMDAwMDAsInVwZGF0ZSI6MTIwMDAwMDAwMDAwMH19"
        }
      ]
    },
    {
      "module": "module.dns",
      "mode": "managed",
      "type": "google_dns_managed_zone_iam_binding",
      "name": "binding",
      "provider": "provider[\"registry.terraform.io/hashicorp/google\"]",
      "instances": [
        {
          "index_key": "dns_admin",
          "schema_version": 0,
          "attributes": {
            "condition": [],
            "etag": "BwYUxOs1by0=",
            "id": "projects/andheri-duniya/managedZones/terra-zone/roles/dns.admin",
            "managed_zone": "projects/andheri-duniya/managedZones/terra-zone",
            "members": [
              "serviceAccount:550626033843-compute@developer.gserviceaccount.com",
              "user:syedkhaleel128@gmail.com"
            ],
            "project": "andheri-duniya",
            "role": "roles/dns.admin"
          },
          "sensitive_attributes": [],
          "private": "bnVsbA==",
          "dependencies": [
            "module.dns.google_dns_managed_zone.private-zone"
          ]
        }
      ]
    },
    {
      "module": "module.dns",
      "mode": "managed",
      "type": "google_dns_policy",
      "name": "example-policy",
      "provider": "provider[\"registry.terraform.io/hashicorp/google\"]",
      "instances": [
        {
          "schema_version": 0,
          "attributes": {
            "alternative_name_server_config": [],
            "description": "Managed by Terraform",
            "enable_inbound_forwarding": true,
            "enable_logging": true,
            "id": "projects/andheri-duniya/policies/example-policy",
            "name": "example-policy",
            "networks": [
              {
                "network_url": "projects/andheri-duniya/global/networks/default"
              }
            ],
            "project": "andheri-duniya",
            "timeouts": null
          },
          "sensitive_attributes": [],
          "private": "eyJlMmJmYjczMC1lY2FhLTExZTYtOGY4OC0zNDM2M2JjN2M0YzAiOnsiY3JlYXRlIjoxMjAwMDAwMDAwMDAwLCJkZWxldGUiOjEyMDAwMDAwMDAwMDAsInVwZGF0ZSI6MTIwMDAwMDAwMDAwMH19",
          "dependencies": [
            "module.dns.google_dns_managed_zone.private-zone"
          ]
        }
      ]
    },
    {
      "module": "module.dns",
      "mode": "managed",
      "type": "google_dns_record_set",
      "name": "terra_record",
      "provider": "provider[\"registry.terraform.io/hashicorp/google\"]",
      "instances": [
        {
          "schema_version": 0,
          "attributes": {
            "id": "projects/andheri-duniya/managedZones/terra-zone/rrsets/terra-record.private.example.com./A",
            "managed_zone": "terra-zone",
            "name": "terra-record.private.example.com.",
            "project": "andheri-duniya",
            "routing_policy": [],
            "rrdatas": [
              "10.128.0.3"
            ],
            "ttl": 300,
            "type": "A"
          },
          "sensitive_attributes": [],
          "private": "bnVsbA==",
          "dependencies": [
            "module.dns.google_dns_managed_zone.private-zone"
          ]
        }
      ]
    },
    {
      "module": "module.dns",
      "mode": "managed",
      "type": "google_dns_response_policy",
      "name": "response-policy",
      "provider": "provider[\"registry.terraform.io/hashicorp/google\"]",
      "instances": [
        {
          "schema_version": 0,
          "attributes": {
            "description": "Managed by Terraform",
            "gke_clusters": [],
            "id": "projects/andheri-duniya/responsePolicies/example-response-policy",
            "networks": [
              {
                "network_url": "https://compute.googleapis.com/compute/v1/projects/andheri-duniya/global/networks/default"
              }
            ],
            "project": "andheri-duniya",
            "response_policy_name": "example-response-policy",
            "timeouts": null
          },
          "sensitive_attributes": [],
          "private": "eyJlMmJmYjczMC1lY2FhLTExZTYtOGY4OC0zNDM2M2JjN2M0YzAiOnsiY3JlYXRlIjoxMjAwMDAwMDAwMDAwLCJkZWxldGUiOjEyMDAwMDAwMDAwMDAsInVwZGF0ZSI6MTIwMDAwMDAwMDAwMH19",
          "dependencies": [
            "module.dns.google_dns_managed_zone.private-zone"
          ]
        }
      ]
    },
    {
      "module": "module.dns",
      "mode": "managed",
      "type": "google_dns_response_policy_rule",
      "name": "example-response-policy-rule",
      "provider": "provider[\"registry.terraform.io/hashicorp/google\"]",
      "instances": [
        {
          "schema_version": 0,
          "attributes": {
            "dns_name": "dns.example.com.",
            "id": "projects/andheri-duniya/responsePolicies/example-response-policy/rules/example-rule",
            "local_data": [
              {
                "local_datas": [
                  {
                    "name": "terra-record.private.example.com.",
                    "rrdatas": [
                      "10.128.0.3"
                    ],
                    "ttl": 300,
                    "type": "A"
                  }
                ]
              }
            ],
            "project": "andheri-duniya",
            "response_policy": "example-response-policy",
            "rule_name": "example-rule",
            "timeouts": null
          },
          "sensitive_attributes": [],
          "private": "eyJlMmJmYjczMC1lY2FhLTExZTYtOGY4OC0zNDM2M2JjN2M0YzAiOnsiY3JlYXRlIjoxMjAwMDAwMDAwMDAwLCJkZWxldGUiOjEyMDAwMDAwMDAwMDAsInVwZGF0ZSI6MTIwMDAwMDAwMDAwMH19",
          "dependencies": [
            "module.dns.google_dns_managed_zone.private-zone",
            "module.dns.google_dns_response_policy.response-policy"
          ]
        }
      ]
    }
  ],
  "check_results": null
}
