{
  "version": 4,
  "terraform_version": "1.7.4",
  "serial": 5,
  "lineage": "1e4964f9-4b64-d9d0-733d-22dd465eed2e",
  "outputs": {
    "display_name": {
      "value": "service-account-id",
      "type": "string"
    }
  },
  "resources": [
    {
      "mode": "managed",
      "type": "google_project_iam_member",
      "name": "service_account_key_policy",
      "provider": "provider[\"registry.terraform.io/hashicorp/google\"]",
      "instances": [
        {
          "schema_version": 0,
          "attributes": {
            "condition": [],
            "etag": "BwYS488GSbI=",
            "id": "devops-practice-411411/roles/iam.serviceAccountKeyAdmin/serviceAccount:service-account-id@devops-practice-411411.iam.gserviceaccount.com",
            "member": "serviceAccount:service-account-id@devops-practice-411411.iam.gserviceaccount.com",
            "project": "devops-practice-411411",
            "role": "roles/iam.serviceAccountKeyAdmin"
          },
          "sensitive_attributes": [],
          "private": "bnVsbA=="
        }
      ]
    },
    {
      "mode": "managed",
      "type": "google_project_iam_member",
      "name": "service_account_policy",
      "provider": "provider[\"registry.terraform.io/hashicorp/google\"]",
      "instances": [
        {
          "schema_version": 0,
          "attributes": {
            "condition": [],
            "etag": "BwYS488GSbI=",
            "id": "devops-practice-411411/roles/iam.serviceAccountUser/serviceAccount:service-account-id@devops-practice-411411.iam.gserviceaccount.com",
            "member": "serviceAccount:service-account-id@devops-practice-411411.iam.gserviceaccount.com",
            "project": "devops-practice-411411",
            "role": "roles/iam.serviceAccountUser"
          },
          "sensitive_attributes": [],
          "private": "bnVsbA=="
        }
      ]
    },
    {
      "mode": "managed",
      "type": "google_service_account",
      "name": "service_account",
      "provider": "provider[\"registry.terraform.io/hashicorp/google\"]",
      "instances": [
        {
          "schema_version": 0,
          "attributes": {
            "account_id": "service-account-id",
            "create_ignore_already_exists": null,
            "description": "",
            "disabled": false,
            "display_name": "this account is crated by tf",
            "email": "service-account-id@devops-practice-411411.iam.gserviceaccount.com",
            "id": "projects/devops-practice-411411/serviceAccounts/service-account-id@devops-practice-411411.iam.gserviceaccount.com",
            "member": "serviceAccount:service-account-id@devops-practice-411411.iam.gserviceaccount.com",
            "name": "projects/devops-practice-411411/serviceAccounts/service-account-id@devops-practice-411411.iam.gserviceaccount.com",
            "project": "devops-practice-411411",
            "timeouts": null,
            "unique_id": "105783789406602415489"
          },
          "sensitive_attributes": [],
          "private": "eyJlMmJmYjczMC1lY2FhLTExZTYtOGY4OC0zNDM2M2JjN2M0YzAiOnsiY3JlYXRlIjozMDAwMDAwMDAwMDB9fQ=="
        }
      ]
    }
  ],
  "check_results": null
}
