{
  "version": 4,
  "terraform_version": "1.7.4",
  "serial": 5,
  "lineage": "44680f71-8b53-ea7e-ddb7-9d64c4056b41",
  "outputs": {
    "edition": {
      "value": "ENTERPRISE",
      "type": "string"
    },
    "host": {
      "value": "0.0.0.0/0",
      "type": "string"
    },
    "project_id": {
      "value": "andheri-duniya",
      "type": "string"
    },
    "tier": {
      "value": "db-g1-small",
      "type": "string"
    },
    "user": {
      "value": "root",
      "type": "string"
    }
  },
  "resources": [
    {
      "module": "module.sql",
      "mode": "managed",
      "type": "google_sql_database",
      "name": "database",
      "provider": "provider[\"registry.terraform.io/hashicorp/google\"]",
      "instances": [
        {
          "schema_version": 0,
          "attributes": {
            "charset": "utf8mb4",
            "collation": "utf8mb4_0900_ai_ci",
            "deletion_policy": "DELETE",
            "id": "projects/andheri-duniya/instances/terra-database-instance/databases/made-by-terra",
            "instance": "terra-database-instance",
            "name": "made-by-terra",
            "project": "andheri-duniya",
            "self_link": "https://sqladmin.googleapis.com/sql/v1beta4/projects/andheri-duniya/instances/terra-database-instance/databases/made-by-terra",
            "timeouts": null
          },
          "sensitive_attributes": [],
          "private": "eyJlMmJmYjczMC1lY2FhLTExZTYtOGY4OC0zNDM2M2JjN2M0YzAiOnsiY3JlYXRlIjoxMjAwMDAwMDAwMDAwLCJkZWxldGUiOjEyMDAwMDAwMDAwMDAsInVwZGF0ZSI6MTIwMDAwMDAwMDAwMH19",
          "dependencies": [
            "module.sql.google_sql_database_instance.instance"
          ]
        }
      ]
    },
    {
      "module": "module.sql",
      "mode": "managed",
      "type": "google_sql_database_instance",
      "name": "instance",
      "provider": "provider[\"registry.terraform.io/hashicorp/google\"]",
      "instances": [
        {
          "schema_version": 0,
          "attributes": {
            "available_maintenance_versions": [],
            "clone": [],
            "connection_name": "andheri-duniya:us-central1:terra-database-instance",
            "database_version": "MYSQL_8_0",
            "deletion_protection": false,
            "dns_name": "",
            "encryption_key_name": null,
            "first_ip_address": "34.133.110.53",
            "id": "terra-database-instance",
            "instance_type": "CLOUD_SQL_INSTANCE",
            "ip_address": [
              {
                "ip_address": "34.133.110.53",
                "time_to_retire": "",
                "type": "PRIMARY"
              }
            ],
            "maintenance_version": "MYSQL_8_0_31.R20240207.00_10",
            "master_instance_name": "",
            "name": "terra-database-instance",
            "private_ip_address": "",
            "project": "andheri-duniya",
            "psc_service_attachment_link": "",
            "public_ip_address": "34.133.110.53",
            "region": "us-central1",
            "replica_configuration": [],
            "restore_backup_context": [],
            "root_password": null,
            "self_link": "https://sqladmin.googleapis.com/sql/v1beta4/projects/andheri-duniya/instances/terra-database-instance",
            "server_ca_cert": [
              {
                "cert": "-----BEGIN CERTIFICATE-----\nMIIDfzCCAmegAwIBAgIBADANBgkqhkiG9w0BAQsFADB3MS0wKwYDVQQuEyRjNTI2\nZjg2OC03ZDZhLTRmM2QtYWNiZi03OTk5NGM3NWVlZDIxIzAhBgNVBAMTGkdvb2ds\nZSBDbG91ZCBTUUwgU2VydmVyIENBMRQwEgYDVQQKEwtHb29nbGUsIEluYzELMAkG\nA1UEBhMCVVMwHhcNMjQwNDAzMDUyODMzWhcNMzQwNDAxMDUyOTMzWjB3MS0wKwYD\nVQQuEyRjNTI2Zjg2OC03ZDZhLTRmM2QtYWNiZi03OTk5NGM3NWVlZDIxIzAhBgNV\nBAMTGkdvb2dsZSBDbG91ZCBTUUwgU2VydmVyIENBMRQwEgYDVQQKEwtHb29nbGUs\nIEluYzELMAkGA1UEBhMCVVMwggEiMA0GCSqGSIb3DQEBAQUAA4IBDwAwggEKAoIB\nAQClwFpxWGeaBPRgor1AM9teijxzb2UuVm47JhJnshv8oD79m1RwM5mne46e4uH5\nu7pIuhLdRBXWG1+BHCR5tLNmrq4BWw9JgPhABKS0ST3t01A0+ifv9xyXkdEYArbu\nEmg/4gP/BWF7OCUICj7Wg5ksy7EyKNspaGdE1PdJiBzO8HbMFXuci6vLiVahqzPm\nhXiHsAYJncbWkgaRF/r9IB2zorxqh/T7wP51+nf20Fd33HcTzsUHv0EQYGlO/puM\n0J5YjDsxwG0Yu4LbH2qFG16b+PQe6krpxr/kTgiuZWa/LHG2ZzNKQHvqrVNfbZPA\neZxrHFoaoPNOWSjFd0Um6kNTAgMBAAGjFjAUMBIGA1UdEwEB/wQIMAYBAf8CAQAw\nDQYJKoZIhvcNAQELBQADggEBAA6cnl20lSbl/1/3rGcMI6mdCO1V+lO7Bie2SL4t\ndot9jr9V+VwbCI0lQ7o1FpTmt7ZBxuHBKpcvsx0S1mo7TXtGcl5MLb2jjKBzKsWX\naWi1cwd71qRUBegvn7N6zjOY+sj74JQ5sHFHPXLDxupQ40riEL8P5C2y+Q68jdFV\nt+hccexMPR/iAZGFLOEfGpzoCRl3iDfmVc185x4VI8+rlulVTGvAwerfCJXUKHz4\n+iqZ9w3K4S9pQi5xk/+2dAC11ZLll9rWErh5i83GVZZA9uJMOjFDiq9ub2nvo86f\n7vCOA/dQJoZ9NWbzywiZ6w56OzBmbZFL9bTEaNDYd7h8Ui4=\n-----END CERTIFICATE-----",
                "common_name": "C=US,O=Google\\, Inc,CN=Google Cloud SQL Server CA,dnQualifier=c526f868-7d6a-4f3d-acbf-79994c75eed2",
                "create_time": "2024-04-03T05:28:33.885Z",
                "expiration_time": "2034-04-01T05:29:33.885Z",
                "sha1_fingerprint": "4ba9b4cc78a6884161913146880f42bb3f94fd77"
              }
            ],
            "service_account_email_address": "p550626033843-v8z70q@gcp-sa-cloud-sql.iam.gserviceaccount.com",
            "settings": [
              {
                "activation_policy": "ALWAYS",
                "active_directory_config": [],
                "advanced_machine_features": [],
                "availability_type": "ZONAL",
                "backup_configuration": [
                  {
                    "backup_retention_settings": [
                      {
                        "retained_backups": 7,
                        "retention_unit": "COUNT"
                      }
                    ],
                    "binary_log_enabled": false,
                    "enabled": true,
                    "location": "",
                    "point_in_time_recovery_enabled": false,
                    "start_time": "23:00",
                    "transaction_log_retention_days": 6
                  }
                ],
                "collation": "",
                "connector_enforcement": "NOT_REQUIRED",
                "data_cache_config": [],
                "database_flags": [],
                "deletion_protection_enabled": false,
                "deny_maintenance_period": [],
                "disk_autoresize": true,
                "disk_autoresize_limit": 0,
                "disk_size": 10,
                "disk_type": "PD_SSD",
                "edition": "ENTERPRISE",
                "insights_config": [],
                "ip_configuration": [
                  {
                    "allocated_ip_range": "",
                    "authorized_networks": [
                      {
                        "expiration_time": "",
                        "name": "my-instance",
                        "value": "34.132.154.181"
                      }
                    ],
                    "enable_private_path_for_google_cloud_services": false,
                    "ipv4_enabled": true,
                    "private_network": "",
                    "psc_config": [],
                    "require_ssl": false,
                    "ssl_mode": ""
                  }
                ],
                "location_preference": [
                  {
                    "follow_gae_application": "",
                    "secondary_zone": "",
                    "zone": "us-central1-c"
                  }
                ],
                "maintenance_window": [
                  {
                    "day": 7,
                    "hour": 0,
                    "update_track": "stable"
                  }
                ],
                "password_validation_policy": [],
                "pricing_plan": "PER_USE",
                "sql_server_audit_config": [],
                "tier": "db-g1-small",
                "time_zone": "",
                "user_labels": {
                  "env": "dev"
                },
                "version": 1
              }
            ],
            "timeouts": null
          },
          "sensitive_attributes": [],
          "private": "eyJlMmJmYjczMC1lY2FhLTExZTYtOGY4OC0zNDM2M2JjN2M0YzAiOnsiY3JlYXRlIjoyNDAwMDAwMDAwMDAwLCJkZWxldGUiOjE4MDAwMDAwMDAwMDAsInVwZGF0ZSI6MTgwMDAwMDAwMDAwMH19"
        }
      ]
    },
    {
      "module": "module.sql",
      "mode": "managed",
      "type": "google_sql_user",
      "name": "testing",
      "provider": "provider[\"registry.terraform.io/hashicorp/google\"]",
      "instances": [
        {
          "schema_version": 1,
          "attributes": {
            "deletion_policy": null,
            "host": "0.0.0.0/0",
            "id": "root/0.0.0.0/0/terra-database-instance",
            "instance": "terra-database-instance",
            "name": "root",
            "password": "5#w1zD1V[Loe0yRK",
            "password_policy": [],
            "project": "andheri-duniya",
            "sql_server_user_details": [],
            "timeouts": null,
            "type": ""
          },
          "sensitive_attributes": [
            [
              {
                "type": "get_attr",
                "value": "password"
              }
            ]
          ],
          "private": "eyJlMmJmYjczMC1lY2FhLTExZTYtOGY4OC0zNDM2M2JjN2M0YzAiOnsiY3JlYXRlIjo2MDAwMDAwMDAwMDAsImRlbGV0ZSI6NjAwMDAwMDAwMDAwLCJ1cGRhdGUiOjYwMDAwMDAwMDAwMH0sInNjaGVtYV92ZXJzaW9uIjoiMSJ9",
          "dependencies": [
            "module.sql.google_sql_database_instance.instance",
            "module.sql.random_password.terra-password"
          ]
        }
      ]
    },
    {
      "module": "module.sql",
      "mode": "managed",
      "type": "random_password",
      "name": "terra-password",
      "provider": "provider[\"registry.terraform.io/hashicorp/random\"]",
      "instances": [
        {
          "schema_version": 3,
          "attributes": {
            "bcrypt_hash": "$2a$10$jDHHlzoVplvJIrkBrDFkMuabpRSeJrgmyoPKIRsS1CqFiTKRF0Lju",
            "id": "none",
            "keepers": null,
            "length": 16,
            "lower": true,
            "min_lower": 0,
            "min_numeric": 0,
            "min_special": 0,
            "min_upper": 0,
            "number": true,
            "numeric": true,
            "override_special": "!#$%\u0026*()-_=+[]{}\u003c\u003e:?",
            "result": "5#w1zD1V[Loe0yRK",
            "special": true,
            "upper": true
          },
          "sensitive_attributes": []
        }
      ]
    }
  ],
  "check_results": null
}
