{
  "version": 4,
  "terraform_version": "1.7.4",
  "serial": 36,
  "lineage": "a2809849-5bc2-bb65-ff5c-61fe93d254f1",
  "outputs": {},
  "resources": [
    {
      "module": "module.gke",
      "mode": "managed",
      "type": "google_container_cluster",
      "name": "terraform-vpc-native-cluster",
      "provider": "module.gke.provider[\"registry.terraform.io/hashicorp/google\"]",
      "instances": [
        {
          "schema_version": 2,
          "attributes": {
            "addons_config": [
              {
                "cloudrun_config": [],
                "config_connector_config": [],
                "dns_cache_config": [],
                "gce_persistent_disk_csi_driver_config": [
                  {
                    "enabled": true
                  }
                ],
                "gcp_filestore_csi_driver_config": [
                  {
                    "enabled": true
                  }
                ],
                "gcs_fuse_csi_driver_config": [],
                "gke_backup_agent_config": [],
                "horizontal_pod_autoscaling": [
                  {
                    "disabled": false
                  }
                ],
                "http_load_balancing": [
                  {
                    "disabled": false
                  }
                ],
                "network_policy_config": [
                  {
                    "disabled": true
                  }
                ]
              }
            ],
            "allow_net_admin": null,
            "authenticator_groups_config": [],
            "binary_authorization": [
              {
                "enabled": false,
                "evaluation_mode": ""
              }
            ],
            "cluster_autoscaling": [
              {
                "auto_provisioning_defaults": [],
                "autoscaling_profile": "BALANCED",
                "enabled": false,
                "resource_limits": []
              }
            ],
            "cluster_ipv4_cidr": "192.168.64.0/22",
            "confidential_nodes": [],
            "cost_management_config": [],
            "database_encryption": [
              {
                "key_name": "",
                "state": "DECRYPTED"
              }
            ],
            "datapath_provider": "",
            "default_max_pods_per_node": 110,
            "default_snat_status": [
              {
                "disabled": false
              }
            ],
            "deletion_protection": false,
            "description": "",
            "dns_config": [
              {
                "cluster_dns": "PLATFORM_DEFAULT",
                "cluster_dns_domain": "",
                "cluster_dns_scope": ""
              }
            ],
            "enable_autopilot": false,
            "enable_intranode_visibility": false,
            "enable_k8s_beta_apis": [],
            "enable_kubernetes_alpha": false,
            "enable_l4_ilb_subsetting": false,
            "enable_legacy_abac": false,
            "enable_shielded_nodes": true,
            "enable_tpu": false,
            "endpoint": "172.16.0.2",
            "fleet": [],
            "gateway_api_config": [],
            "id": "projects/devops-practice-411411/locations/us-central1/clusters/terraform-vpc-native-cluster",
            "identity_service_config": [],
            "initial_node_count": 1,
            "ip_allocation_policy": [
              {
                "additional_pod_ranges_config": [],
                "cluster_ipv4_cidr_block": "192.168.64.0/22",
                "cluster_secondary_range_name": "pod-ranges",
                "pod_cidr_overprovision_config": [
                  {
                    "disabled": false
                  }
                ],
                "services_ipv4_cidr_block": "192.168.1.0/24",
                "services_secondary_range_name": "services-range",
                "stack_type": "IPV4"
              }
            ],
            "label_fingerprint": "a9dc16a7",
            "location": "us-central1",
            "logging_config": [
              {
                "enable_components": [
                  "SYSTEM_COMPONENTS"
                ]
              }
            ],
            "logging_service": "logging.googleapis.com/kubernetes",
            "maintenance_policy": [
              {
                "daily_maintenance_window": [
                  {
                    "duration": "PT4H0M0S",
                    "start_time": "03:00"
                  }
                ],
                "maintenance_exclusion": [],
                "recurring_window": []
              }
            ],
            "master_auth": [
              {
                "client_certificate": "",
                "client_certificate_config": [
                  {
                    "issue_client_certificate": false
                  }
                ],
                "client_key": "",
                "cluster_ca_certificate": "LS0tLS1CRUdJTiBDRVJUSUZJQ0FURS0tLS0tCk1JSUVMVENDQXBXZ0F3SUJBZ0lSQU0vZHp4N1dpa0JNVS93ZlhjdytWTkF3RFFZSktvWklodmNOQVFFTEJRQXcKTHpFdE1Dc0dBMVVFQXhNa01HTmhaVGsxTWpFdFpUSTRaaTAwWWpreUxUaGtOV1l0WWpZNU9HTTJaREl6TlRBdwpNQ0FYRFRJME1ETXhPVEF5TkRNeE1sb1lEekl3TlRRd016RXlNRE0wTXpFeVdqQXZNUzB3S3dZRFZRUURFeVF3ClkyRmxPVFV5TVMxbE1qaG1MVFJpT1RJdE9HUTFaaTFpTmprNFl6WmtNak0xTURBd2dnR2lNQTBHQ1NxR1NJYjMKRFFFQkFRVUFBNElCandBd2dnR0tBb0lCZ1FDSW1QdTRUZXlJNGk2QjIyS25rWVZmNDBFK0t1TTdHUjMxSmdGeQp0UHE1a3FtbXVXRWM3cjNvVGszWlRzdUlwSGJRZGx4c2JQT0VOWWQ5Z2ZENEF3d2txSHZKekg2d0pQVFBWMERWClA3ZFErOVRFTnIzMnhMNzRkWFVEZzhFMWZhZ0R1WkV5SXZGRWU4Q0lPZUE2bmVRTTM2NGxhQ1NTekpVakQ3QTEKMTFZNnpuaTI5eWdUNml4VWM2S0tma250ZUtyNHA0NWRBanpZdWg3WnIvTDA5d1hZbFhZc0F1NjJPT0I4bGh0cQpNVk1XbHEwVklEbWdNajUwa1NJUitueGcwQVlXTG40OGJyOUxrSGNqYWJ6OUJBSU92dDhWODdWdExvbi9MN0JmCkVkOE1nT3UvSUJ0S3NsaTJqOE90cjF4cTdkSWFpajM1TThpblRROUM4L1RYcWVXbTBqRHg1TmJaYThMS3lseWkKQ1o1VmsydE5WdlJWTDhIdVZoTzVIMXRVLytaU3d2QkpZaE44OVpVTzNpbm1nT21GWDgxWUhka09SS2FZNGZZMgpkSGxlQnhWSUFadklha0psTGFuMDRxeVVQVGpnTzVHcXpBUE5FSzNCeWNJSExyZVRZNlRkUkNYd256MWp6ajQ3CmhpRmhmR3NGZjdFeG1UcXZrVDllMzFHMStzVUNBd0VBQWFOQ01FQXdEZ1lEVlIwUEFRSC9CQVFEQWdJRU1BOEcKQTFVZEV3RUIvd1FGTUFNQkFmOHdIUVlEVlIwT0JCWUVGQ3o2UDJHNnFtS1VHcU5kVk01bE5EdUdXUCtWTUEwRwpDU3FHU0liM0RRRUJDd1VBQTRJQmdRQlA5c3hKOVFZcTVqWVJtd2xTMy9HTGdXUHpINVpiL3pLMTFuRnRaQ2RuCnFJOFBEbVZVTXNpUlphQ2R5RUVlT2RSRHlGaDQzVTRNTkdHSDJQdXRqMEUxaWlpNHlLSzAzTmZxbCtyV0U1ZFMKd3RvUVRYV0pwZTRpMTJZdFZJTWJmWTg0Tk1PcUNiK0NnUWU0a2x0d0hLUWFMNCt5a0VkbXpBUEhVQmEvb2ZjMAo0dGpMUkFacnYyeXJjWE9QVjcwbHJlVDJFZnJSZTJqc3dZcVVnQ3lzbmpFNElrTHduQ1lOcXUwTHhTcGFwM3FxCkVoQnlxeTB2Q0VSengyNXZONXd3K1BuRVRxdTlyR2hZdENmOHFJWWZMZXBJUEtFMCtrVE4yMVpqTGl5U3RKZGEKNXN0N1Y5NnY0R1BIZ1Q1ak5ySXlkcTFJOHNnUWNsekxQUWJvMG40TE9obk1EVENwQ1ptSVI1cFBwNEhia0hwTwp5amNscXhBZFlWMFFzbDN5cjVQRnlTYXBQRUh6Z2tMK09IUytxU1lxTG8vSUpXK3JFYnVoTnhqL01YekYxeXhyCnIzQXNBUnVEb00zSDAyejFaMUdMdGd0bXdTVFV2Qjk2UFpuZEJ6aEgwYnQ2cW9XVE5Yc2I5SU1YUThzbGZqMzkKSVNYRDdSYlhpWWxBZy9hOU9oMVRxWlE9Ci0tLS0tRU5EIENFUlRJRklDQVRFLS0tLS0K"
              }
            ],
            "master_authorized_networks_config": [
              {
                "cidr_blocks": [
                  {
                    "cidr_block": "172.16.0.0/28",
                    "display_name": "My Authorized Network"
                  },
                  {
                    "cidr_block": "192.168.0.2/32",
                    "display_name": "home"
                  }
                ],
                "gcp_public_cidrs_access_enabled": false
              }
            ],
            "master_version": "1.27.8-gke.1067004",
            "mesh_certificates": [],
            "min_master_version": "1.27.8-gke.1067004",
            "monitoring_config": [
              {
                "advanced_datapath_observability_config": [
                  {
                    "enable_metrics": false,
                    "enable_relay": false,
                    "relay_mode": "DISABLED"
                  }
                ],
                "enable_components": [
                  "SYSTEM_COMPONENTS"
                ],
                "managed_prometheus": [
                  {
                    "enabled": true
                  }
                ]
              }
            ],
            "monitoring_service": "monitoring.googleapis.com/kubernetes",
            "name": "terraform-vpc-native-cluster",
            "network": "projects/devops-practice-411411/global/networks/terraform-network",
            "network_policy": [
              {
                "enabled": false,
                "provider": "PROVIDER_UNSPECIFIED"
              }
            ],
            "networking_mode": "VPC_NATIVE",
            "node_config": [
              {
                "advanced_machine_features": [],
                "boot_disk_kms_key": "",
                "confidential_nodes": [],
                "disk_size_gb": 30,
                "disk_type": "pd-standard",
                "effective_taints": [],
                "enable_confidential_storage": false,
                "ephemeral_storage_local_ssd_config": [],
                "fast_socket": [],
                "gcfs_config": [],
                "guest_accelerator": [],
                "gvnic": [],
                "host_maintenance_policy": [],
                "image_type": "COS_CONTAINERD",
                "kubelet_config": [],
                "labels": {
                  "app": "terraform",
                  "environment": "production"
                },
                "linux_node_config": [],
                "local_nvme_ssd_block_config": [],
                "local_ssd_count": 0,
                "logging_variant": "DEFAULT",
                "machine_type": "e2-medium",
                "metadata": {
                  "disable-legacy-endpoints": "true"
                },
                "min_cpu_platform": "",
                "node_group": "",
                "oauth_scopes": [
                  "https://www.googleapis.com/auth/cloud-platform"
                ],
                "preemptible": false,
                "reservation_affinity": [],
                "resource_labels": {},
                "resource_manager_tags": {},
                "service_account": "testing@devops-practice-411411.iam.gserviceaccount.com",
                "shielded_instance_config": [
                  {
                    "enable_integrity_monitoring": true,
                    "enable_secure_boot": true
                  }
                ],
                "sole_tenant_config": [],
                "spot": false,
                "tags": [
                  "web"
                ],
                "taint": [],
                "workload_metadata_config": []
              }
            ],
            "node_locations": [
              "us-central1-a",
              "us-central1-c",
              "us-central1-f"
            ],
            "node_pool": [
              {
                "autoscaling": [
                  {
                    "location_policy": "BALANCED",
                    "max_node_count": 3,
                    "min_node_count": 0,
                    "total_max_node_count": 0,
                    "total_min_node_count": 0
                  }
                ],
                "initial_node_count": 1,
                "instance_group_urls": [
                  "https://www.googleapis.com/compute/v1/projects/devops-practice-411411/zones/us-central1-c/instanceGroupManagers/gke-terraform-vpc-nati-terraform-pool-4ef79a79-grp"
                ],
                "managed_instance_group_urls": [
                  "https://www.googleapis.com/compute/v1/projects/devops-practice-411411/zones/us-central1-c/instanceGroups/gke-terraform-vpc-nati-terraform-pool-4ef79a79-grp"
                ],
                "management": [
                  {
                    "auto_repair": true,
                    "auto_upgrade": true
                  }
                ],
                "max_pods_per_node": 110,
                "name": "terraform-pool",
                "name_prefix": "",
                "network_config": [
                  {
                    "create_pod_range": false,
                    "enable_private_nodes": false,
                    "network_performance_config": [],
                    "pod_cidr_overprovision_config": [],
                    "pod_ipv4_cidr_block": "192.168.64.0/22",
                    "pod_range": "pod-ranges"
                  }
                ],
                "node_config": [
                  {
                    "advanced_machine_features": [],
                    "boot_disk_kms_key": "",
                    "confidential_nodes": [],
                    "disk_size_gb": 30,
                    "disk_type": "pd-standard",
                    "effective_taints": [],
                    "enable_confidential_storage": false,
                    "ephemeral_storage_local_ssd_config": [],
                    "fast_socket": [],
                    "gcfs_config": [],
                    "guest_accelerator": [],
                    "gvnic": [],
                    "host_maintenance_policy": [],
                    "image_type": "COS_CONTAINERD",
                    "kubelet_config": [],
                    "labels": {
                      "app": "terraform",
                      "environment": "production"
                    },
                    "linux_node_config": [],
                    "local_nvme_ssd_block_config": [],
                    "local_ssd_count": 0,
                    "logging_variant": "DEFAULT",
                    "machine_type": "e2-medium",
                    "metadata": {
                      "disable-legacy-endpoints": "true"
                    },
                    "min_cpu_platform": "",
                    "node_group": "",
                    "oauth_scopes": [
                      "https://www.googleapis.com/auth/cloud-platform"
                    ],
                    "preemptible": false,
                    "reservation_affinity": [],
                    "resource_labels": {},
                    "resource_manager_tags": {},
                    "service_account": "testing@devops-practice-411411.iam.gserviceaccount.com",
                    "shielded_instance_config": [
                      {
                        "enable_integrity_monitoring": true,
                        "enable_secure_boot": true
                      }
                    ],
                    "sole_tenant_config": [],
                    "spot": false,
                    "tags": [
                      "web"
                    ],
                    "taint": [],
                    "workload_metadata_config": []
                  }
                ],
                "node_count": 2,
                "node_locations": [
                  "us-central1-c"
                ],
                "placement_policy": [],
                "upgrade_settings": [
                  {
                    "blue_green_settings": [],
                    "max_surge": 1,
                    "max_unavailable": 0,
                    "strategy": "SURGE"
                  }
                ],
                "version": "1.27.8-gke.1067004"
              }
            ],
            "node_pool_auto_config": [],
            "node_pool_defaults": [
              {
                "node_config_defaults": [
                  {
                    "logging_variant": "DEFAULT"
                  }
                ]
              }
            ],
            "node_version": "1.27.8-gke.1067004",
            "notification_config": [
              {
                "pubsub": [
                  {
                    "enabled": true,
                    "filter": [],
                    "topic": "projects/devops-practice-411411/topics/terra-gke-notifications"
                  }
                ]
              }
            ],
            "operation": null,
            "private_cluster_config": [
              {
                "enable_private_endpoint": true,
                "enable_private_nodes": true,
                "master_global_access_config": [
                  {
                    "enabled": false
                  }
                ],
                "master_ipv4_cidr_block": "172.16.0.0/28",
                "peering_name": "gke-nc439cda20e150bad004-cfec-3569-peer",
                "private_endpoint": "172.16.0.2",
                "private_endpoint_subnetwork": "",
                "public_endpoint": "34.71.202.176"
              }
            ],
            "private_ipv6_google_access": "",
            "project": "devops-practice-411411",
            "release_channel": [
              {
                "channel": "REGULAR"
              }
            ],
            "remove_default_node_pool": true,
            "resource_labels": {},
            "resource_usage_export_config": [],
            "security_posture_config": [
              {
                "mode": "BASIC",
                "vulnerability_mode": "VULNERABILITY_MODE_UNSPECIFIED"
              }
            ],
            "self_link": "https://container.googleapis.com/v1/projects/devops-practice-411411/locations/us-central1/clusters/terraform-vpc-native-cluster",
            "service_external_ips_config": [
              {
                "enabled": false
              }
            ],
            "services_ipv4_cidr": "192.168.1.0/24",
            "subnetwork": "projects/devops-practice-411411/regions/us-central1/subnetworks/terraform-private-subnet",
            "timeouts": {
              "create": "25m",
              "delete": "25m",
              "read": null,
              "update": "25m"
            },
            "tpu_ipv4_cidr_block": "",
            "vertical_pod_autoscaling": [],
            "workload_identity_config": []
          },
          "sensitive_attributes": [],
          "private": "eyJlMmJmYjczMC1lY2FhLTExZTYtOGY4OC0zNDM2M2JjN2M0YzAiOnsiY3JlYXRlIjoxNTAwMDAwMDAwMDAwLCJkZWxldGUiOjE1MDAwMDAwMDAwMDAsInJlYWQiOjI0MDAwMDAwMDAwMDAsInVwZGF0ZSI6MTUwMDAwMDAwMDAwMH0sInNjaGVtYV92ZXJzaW9uIjoiMiJ9",
          "dependencies": [
            "module.gke.google_pubsub_topic.terra-gke-notifications"
          ]
        }
      ]
    },
    {
      "module": "module.gke",
      "mode": "managed",
      "type": "google_container_node_pool",
      "name": "terraform-pool",
      "provider": "module.gke.provider[\"registry.terraform.io/hashicorp/google\"]",
      "instances": [
        {
          "schema_version": 1,
          "attributes": {
            "autoscaling": [
              {
                "location_policy": "BALANCED",
                "max_node_count": 3,
                "min_node_count": 0,
                "total_max_node_count": 0,
                "total_min_node_count": 0
              }
            ],
            "cluster": "https://container.googleapis.com/v1/projects/devops-practice-411411/locations/us-central1/clusters/terraform-vpc-native-cluster",
            "id": "projects/devops-practice-411411/locations/us-central1/clusters/terraform-vpc-native-cluster/nodePools/terraform-pool",
            "initial_node_count": 1,
            "instance_group_urls": [
              "https://www.googleapis.com/compute/v1/projects/devops-practice-411411/zones/us-central1-c/instanceGroupManagers/gke-terraform-vpc-nati-terraform-pool-4ef79a79-grp"
            ],
            "location": "us-central1",
            "managed_instance_group_urls": [
              "https://www.googleapis.com/compute/v1/projects/devops-practice-411411/zones/us-central1-c/instanceGroups/gke-terraform-vpc-nati-terraform-pool-4ef79a79-grp"
            ],
            "management": [
              {
                "auto_repair": true,
                "auto_upgrade": true
              }
            ],
            "max_pods_per_node": 110,
            "name": "terraform-pool",
            "name_prefix": "",
            "network_config": [
              {
                "create_pod_range": false,
                "enable_private_nodes": false,
                "network_performance_config": [],
                "pod_cidr_overprovision_config": [],
                "pod_ipv4_cidr_block": "192.168.64.0/22",
                "pod_range": "pod-ranges"
              }
            ],
            "node_config": [
              {
                "advanced_machine_features": [],
                "boot_disk_kms_key": "",
                "confidential_nodes": [],
                "disk_size_gb": 30,
                "disk_type": "pd-standard",
                "effective_taints": [],
                "enable_confidential_storage": false,
                "ephemeral_storage_local_ssd_config": [],
                "fast_socket": [],
                "gcfs_config": [],
                "guest_accelerator": [],
                "gvnic": [],
                "host_maintenance_policy": [],
                "image_type": "COS_CONTAINERD",
                "kubelet_config": [],
                "labels": {
                  "app": "terraform",
                  "environment": "production"
                },
                "linux_node_config": [],
                "local_nvme_ssd_block_config": [],
                "local_ssd_count": 0,
                "logging_variant": "DEFAULT",
                "machine_type": "e2-medium",
                "metadata": {
                  "disable-legacy-endpoints": "true"
                },
                "min_cpu_platform": "",
                "node_group": "",
                "oauth_scopes": [
                  "https://www.googleapis.com/auth/cloud-platform"
                ],
                "preemptible": false,
                "reservation_affinity": [],
                "resource_labels": {},
                "resource_manager_tags": {},
                "service_account": "testing@devops-practice-411411.iam.gserviceaccount.com",
                "shielded_instance_config": [
                  {
                    "enable_integrity_monitoring": true,
                    "enable_secure_boot": true
                  }
                ],
                "sole_tenant_config": [],
                "spot": false,
                "tags": [
                  "web"
                ],
                "taint": [],
                "workload_metadata_config": []
              }
            ],
            "node_count": 2,
            "node_locations": [
              "us-central1-c"
            ],
            "operation": null,
            "placement_policy": [],
            "project": "devops-practice-411411",
            "timeouts": {
              "create": "25m",
              "delete": "25m",
              "update": "25m"
            },
            "upgrade_settings": [
              {
                "blue_green_settings": [],
                "max_surge": 1,
                "max_unavailable": 0,
                "strategy": "SURGE"
              }
            ],
            "version": "1.27.8-gke.1067004"
          },
          "sensitive_attributes": [],
          "private": "eyJlMmJmYjczMC1lY2FhLTExZTYtOGY4OC0zNDM2M2JjN2M0YzAiOnsiY3JlYXRlIjoxNTAwMDAwMDAwMDAwLCJkZWxldGUiOjE1MDAwMDAwMDAwMDAsInVwZGF0ZSI6MTUwMDAwMDAwMDAwMH0sInNjaGVtYV92ZXJzaW9uIjoiMSJ9",
          "dependencies": [
            "module.gke.google_container_cluster.terraform-vpc-native-cluster",
            "module.gke.google_pubsub_topic.terra-gke-notifications"
          ]
        }
      ]
    },
    {
      "module": "module.gke",
      "mode": "managed",
      "type": "google_pubsub_topic",
      "name": "terra-gke-notifications",
      "provider": "module.gke.provider[\"registry.terraform.io/hashicorp/google\"]",
      "instances": [
        {
          "schema_version": 0,
          "attributes": {
            "effective_labels": {},
            "id": "projects/devops-practice-411411/topics/terra-gke-notifications",
            "kms_key_name": "",
            "labels": {},
            "message_retention_duration": "",
            "message_storage_policy": [],
            "name": "terra-gke-notifications",
            "project": "devops-practice-411411",
            "schema_settings": [],
            "terraform_labels": {},
            "timeouts": {
              "create": "25m",
              "delete": "25m",
              "update": "25m"
            }
          },
          "sensitive_attributes": [],
          "private": "eyJlMmJmYjczMC1lY2FhLTExZTYtOGY4OC0zNDM2M2JjN2M0YzAiOnsiY3JlYXRlIjoxNTAwMDAwMDAwMDAwLCJkZWxldGUiOjE1MDAwMDAwMDAwMDAsInVwZGF0ZSI6MTUwMDAwMDAwMDAwMH19"
        }
      ]
    }
  ],
  "check_results": null
}
