{
  "version": 4,
  "terraform_version": "1.7.4",
  "serial": 30,
  "lineage": "8e2de770-8765-ac96-855a-36220ce03a0b",
  "outputs": {
    "edition": {
      "value": "ENTERPRISE",
      "type": "string"
    },
    "host": {
      "value": "0.0.0.0/0",
      "type": "string"
    },
    "project_id": {
      "value": "andheri-duniya",
      "type": "string"
    },
    "tier": {
      "value": "db-g1-small",
      "type": "string"
    },
    "user": {
      "value": "root",
      "type": "string"
    }
  },
  "resources": [
    {
      "mode": "managed",
      "type": "google_sql_database",
      "name": "database",
      "provider": "provider[\"registry.terraform.io/hashicorp/google\"]",
      "instances": [
        {
          "schema_version": 0,
          "attributes": {
            "charset": "utf8mb4",
            "collation": "utf8mb4_0900_ai_ci",
            "deletion_policy": "DELETE",
            "id": "projects/andheri-duniya/instances/terra-database-instance/databases/made-by-terra",
            "instance": "terra-database-instance",
            "name": "made-by-terra",
            "project": "andheri-duniya",
            "self_link": "https://sqladmin.googleapis.com/sql/v1beta4/projects/andheri-duniya/instances/terra-database-instance/databases/made-by-terra",
            "timeouts": null
          },
          "sensitive_attributes": [],
          "private": "eyJlMmJmYjczMC1lY2FhLTExZTYtOGY4OC0zNDM2M2JjN2M0YzAiOnsiY3JlYXRlIjoxMjAwMDAwMDAwMDAwLCJkZWxldGUiOjEyMDAwMDAwMDAwMDAsInVwZGF0ZSI6MTIwMDAwMDAwMDAwMH19",
          "dependencies": [
            "google_sql_database_instance.instance"
          ]
        }
      ]
    },
    {
      "mode": "managed",
      "type": "google_sql_database_instance",
      "name": "instance",
      "provider": "provider[\"registry.terraform.io/hashicorp/google\"]",
      "instances": [
        {
          "schema_version": 0,
          "attributes": {
            "available_maintenance_versions": [],
            "clone": [],
            "connection_name": "andheri-duniya:us-central1:terra-database-instance",
            "database_version": "MYSQL_8_0",
            "deletion_protection": false,
            "dns_name": "",
            "encryption_key_name": null,
            "first_ip_address": "34.27.67.52",
            "id": "terra-database-instance",
            "instance_type": "CLOUD_SQL_INSTANCE",
            "ip_address": [
              {
                "ip_address": "34.27.67.52",
                "time_to_retire": "",
                "type": "PRIMARY"
              }
            ],
            "maintenance_version": "MYSQL_8_0_31.R20240207.00_10",
            "master_instance_name": "",
            "name": "terra-database-instance",
            "private_ip_address": "",
            "project": "andheri-duniya",
            "psc_service_attachment_link": "",
            "public_ip_address": "34.27.67.52",
            "region": "us-central1",
            "replica_configuration": [],
            "restore_backup_context": [],
            "root_password": null,
            "self_link": "https://sqladmin.googleapis.com/sql/v1beta4/projects/andheri-duniya/instances/terra-database-instance",
            "server_ca_cert": [
              {
                "cert": "-----BEGIN CERTIFICATE-----\nMIIDfzCCAmegAwIBAgIBADANBgkqhkiG9w0BAQsFADB3MS0wKwYDVQQuEyRkM2Fm\nZWJhYS02YmUxLTRiZTAtYWY2Yy1mZDc1NzIxMGU1MjMxIzAhBgNVBAMTGkdvb2ds\nZSBDbG91ZCBTUUwgU2VydmVyIENBMRQwEgYDVQQKEwtHb29nbGUsIEluYzELMAkG\nA1UEBhMCVVMwHhcNMjQwNDAyMDgyNTI5WhcNMzQwMzMxMDgyNjI5WjB3MS0wKwYD\nVQQuEyRkM2FmZWJhYS02YmUxLTRiZTAtYWY2Yy1mZDc1NzIxMGU1MjMxIzAhBgNV\nBAMTGkdvb2dsZSBDbG91ZCBTUUwgU2VydmVyIENBMRQwEgYDVQQKEwtHb29nbGUs\nIEluYzELMAkGA1UEBhMCVVMwggEiMA0GCSqGSIb3DQEBAQUAA4IBDwAwggEKAoIB\nAQCQH7FDsjep8Z6W4578R2xjFwIQk6vgJJ9ZYmZ0Q6kLlDNdMqylywZ4r0qk1e8Q\nUzFjXVLHk7roYOdXjO6gxJ4QFnfcKOFvJbJZfVSgC6h1c9bGq6eNIe39J1rdEvat\n72D/O8IPy7owg6r5hprq+ON5jYe7BKwWVYcS90ZiIVTu4kKBv9F6IraJTcmcjahb\ngJuQxeXQydTXfxEb8yIKdTCYQLafEL3FpIzVbcPkp8ztxV7KjFku/hYkFt5KtH5g\nCEGXujjQf+Ecy+HLko+70PUzCdBcPdFvK3mK9MAWMuR72iKx36Gczjr7f1PTcqiy\n4t32yHug6cxU3VeRroUvuOBnAgMBAAGjFjAUMBIGA1UdEwEB/wQIMAYBAf8CAQAw\nDQYJKoZIhvcNAQELBQADggEBAE+x6ldpfbRyJfgFVkkTwYk19tmiLhCeZNaRU7VK\nUAekF+qwFaLAdrb1XqenWU64CsAVwDn73AGqRwn7NXODV0sD6tLvt0Cf7kwf2z1w\nWiA6EqzSBRCLLyig3k58Fd11FedZekMhPVKEBK1jF846bQsx3vkmsIbC1zgFZxbs\nx5H5jNyhELulDvG8R+wWsHNMDhH+5Wrzw/PL00vXIJ2hQHNMmqEK7RM+7fKXpLpe\nDn5lh6LdcFFmad6Y7nQlhA26OLOKqHrJPtBiDk5SFMQTht26bRNwzyTyn7q4seET\nhwjc3/7SYri78JO+iSleVmqq6vD5C4DqIRSUYpaTFyTlDiw=\n-----END CERTIFICATE-----",
                "common_name": "C=US,O=Google\\, Inc,CN=Google Cloud SQL Server CA,dnQualifier=d3afebaa-6be1-4be0-af6c-fd757210e523",
                "create_time": "2024-04-02T08:25:29.244Z",
                "expiration_time": "2034-03-31T08:26:29.244Z",
                "sha1_fingerprint": "0cc680a15931ff74a539b842aac9de94f71d9a34"
              }
            ],
            "service_account_email_address": "p550626033843-3mncz3@gcp-sa-cloud-sql.iam.gserviceaccount.com",
            "settings": [
              {
                "activation_policy": "ALWAYS",
                "active_directory_config": [],
                "advanced_machine_features": [],
                "availability_type": "ZONAL",
                "backup_configuration": [
                  {
                    "backup_retention_settings": [
                      {
                        "retained_backups": 7,
                        "retention_unit": "COUNT"
                      }
                    ],
                    "binary_log_enabled": false,
                    "enabled": true,
                    "location": "",
                    "point_in_time_recovery_enabled": false,
                    "start_time": "23:00",
                    "transaction_log_retention_days": 6
                  }
                ],
                "collation": "",
                "connector_enforcement": "NOT_REQUIRED",
                "data_cache_config": [],
                "database_flags": [],
                "deletion_protection_enabled": false,
                "deny_maintenance_period": [],
                "disk_autoresize": true,
                "disk_autoresize_limit": 0,
                "disk_size": 10,
                "disk_type": "PD_SSD",
                "edition": "ENTERPRISE",
                "insights_config": [],
                "ip_configuration": [
                  {
                    "allocated_ip_range": "",
                    "authorized_networks": [
                      {
                        "expiration_time": "",
                        "name": "my-instance",
                        "value": "34.132.154.181"
                      }
                    ],
                    "enable_private_path_for_google_cloud_services": false,
                    "ipv4_enabled": true,
                    "private_network": "",
                    "psc_config": [],
                    "require_ssl": false,
                    "ssl_mode": ""
                  }
                ],
                "location_preference": [
                  {
                    "follow_gae_application": "",
                    "secondary_zone": "",
                    "zone": "us-central1-c"
                  }
                ],
                "maintenance_window": [
                  {
                    "day": 7,
                    "hour": 0,
                    "update_track": "stable"
                  }
                ],
                "password_validation_policy": [],
                "pricing_plan": "PER_USE",
                "sql_server_audit_config": [],
                "tier": "db-g1-small",
                "time_zone": "",
                "user_labels": {
                  "env": "dev"
                },
                "version": 3
              }
            ],
            "timeouts": null
          },
          "sensitive_attributes": [],
          "private": "eyJlMmJmYjczMC1lY2FhLTExZTYtOGY4OC0zNDM2M2JjN2M0YzAiOnsiY3JlYXRlIjoyNDAwMDAwMDAwMDAwLCJkZWxldGUiOjE4MDAwMDAwMDAwMDAsInVwZGF0ZSI6MTgwMDAwMDAwMDAwMH19"
        }
      ]
    },
    {
      "mode": "managed",
      "type": "google_sql_user",
      "name": "testing",
      "provider": "provider[\"registry.terraform.io/hashicorp/google\"]",
      "instances": [
        {
          "schema_version": 1,
          "attributes": {
            "deletion_policy": null,
            "host": "0.0.0.0/0",
            "id": "root/0.0.0.0/0/terra-database-instance",
            "instance": "terra-database-instance",
            "name": "root",
            "password": "uBa9$_uQ5Ys5*vA*",
            "password_policy": [],
            "project": "andheri-duniya",
            "sql_server_user_details": [],
            "timeouts": null,
            "type": ""
          },
          "sensitive_attributes": [
            [
              {
                "type": "get_attr",
                "value": "password"
              }
            ]
          ],
          "private": "eyJlMmJmYjczMC1lY2FhLTExZTYtOGY4OC0zNDM2M2JjN2M0YzAiOnsiY3JlYXRlIjo2MDAwMDAwMDAwMDAsImRlbGV0ZSI6NjAwMDAwMDAwMDAwLCJ1cGRhdGUiOjYwMDAwMDAwMDAwMH0sInNjaGVtYV92ZXJzaW9uIjoiMSJ9",
          "dependencies": [
            "google_sql_database_instance.instance",
            "random_password.terra-password"
          ]
        }
      ]
    },
    {
      "mode": "managed",
      "type": "random_password",
      "name": "terra-password",
      "provider": "provider[\"registry.terraform.io/hashicorp/random\"]",
      "instances": [
        {
          "schema_version": 3,
          "attributes": {
            "bcrypt_hash": "$2a$10$N2U8P7GeR2rkjlS.kPFh2Obq98S.tOisZh2q/d91vD0Yn7Bb7pRye",
            "id": "none",
            "keepers": null,
            "length": 16,
            "lower": true,
            "min_lower": 0,
            "min_numeric": 0,
            "min_special": 0,
            "min_upper": 0,
            "number": true,
            "numeric": true,
            "override_special": "!#$%\u0026*()-_=+[]{}\u003c\u003e:?",
            "result": "uBa9$_uQ5Ys5*vA*",
            "special": true,
            "upper": true
          },
          "sensitive_attributes": []
        }
      ]
    }
  ],
  "check_results": null
}
